
Microsoft Visual Studio Solution File, Format Version 12.00
Project("{F2A71F9B-5D33-465A-A702-920D77279786}") = "VPN", "AzureNative\LinuxP2SOpenVPN\VPN.fsproj", "{AD0F4A23-DFA5-4BEA-B970-C806D422F7FE}"
EndProject
Project("{F2A71F9B-5D33-465A-A702-920D77279786}") = "DevelopmentVM", "AzureNative\DevelopmentVM\DevelopmentVM.fsproj", "{78CF72D6-1BC1-4C36-A1B1-E247A3B6777B}"
EndProject
Project("{2150E333-8FDC-42A3-9474-1A3956D46DE8}") = "Docs", "Docs", "{1C936DCC-991D-4AE6-99CB-50855E6EC4CC}"
	ProjectSection(SolutionItems) = preProject
		README.md = README.md
	EndProjectSection
EndProject
Project("{F2A71F9B-5D33-465A-A702-920D77279786}") = "FunctionAppPackage", "AzureNative\FunctionAppPackage\FunctionAppPackage.fsproj", "{D8502631-8EC7-47BA-A6AB-20C042E602F9}"
EndProject
Project("{F2A71F9B-5D33-465A-A702-920D77279786}") = "AKSCluster", "Kubernetes\AKSCluster\AKSCluster.fsproj", "{EC1ACFCE-4118-49DA-B167-10A1506F9302}"
EndProject
Global
	GlobalSection(SolutionConfigurationPlatforms) = preSolution
		Debug|Any CPU = Debug|Any CPU
		Release|Any CPU = Release|Any CPU
	EndGlobalSection
	GlobalSection(ProjectConfigurationPlatforms) = postSolution
		{AD0F4A23-DFA5-4BEA-B970-C806D422F7FE}.Debug|Any CPU.ActiveCfg = Debug|Any CPU
		{AD0F4A23-DFA5-4BEA-B970-C806D422F7FE}.Debug|Any CPU.Build.0 = Debug|Any CPU
		{AD0F4A23-DFA5-4BEA-B970-C806D422F7FE}.Release|Any CPU.ActiveCfg = Release|Any CPU
		{AD0F4A23-DFA5-4BEA-B970-C806D422F7FE}.Release|Any CPU.Build.0 = Release|Any CPU
		{78CF72D6-1BC1-4C36-A1B1-E247A3B6777B}.Debug|Any CPU.ActiveCfg = Debug|Any CPU
		{78CF72D6-1BC1-4C36-A1B1-E247A3B6777B}.Debug|Any CPU.Build.0 = Debug|Any CPU
		{78CF72D6-1BC1-4C36-A1B1-E247A3B6777B}.Release|Any CPU.ActiveCfg = Release|Any CPU
		{78CF72D6-1BC1-4C36-A1B1-E247A3B6777B}.Release|Any CPU.Build.0 = Release|Any CPU
		{D8502631-8EC7-47BA-A6AB-20C042E602F9}.Debug|Any CPU.ActiveCfg = Debug|Any CPU
		{D8502631-8EC7-47BA-A6AB-20C042E602F9}.Debug|Any CPU.Build.0 = Debug|Any CPU
		{D8502631-8EC7-47BA-A6AB-20C042E602F9}.Release|Any CPU.ActiveCfg = Release|Any CPU
		{D8502631-8EC7-47BA-A6AB-20C042E602F9}.Release|Any CPU.Build.0 = Release|Any CPU
		{EC1ACFCE-4118-49DA-B167-10A1506F9302}.Debug|Any CPU.ActiveCfg = Debug|Any CPU
		{EC1ACFCE-4118-49DA-B167-10A1506F9302}.Debug|Any CPU.Build.0 = Debug|Any CPU
		{EC1ACFCE-4118-49DA-B167-10A1506F9302}.Release|Any CPU.ActiveCfg = Release|Any CPU
		{EC1ACFCE-4118-49DA-B167-10A1506F9302}.Release|Any CPU.Build.0 = Release|Any CPU
	EndGlobalSection
EndGlobal
